
Microsoft Visual Studio Solution File, Format Version 12.00
# Visual Studio Version 16
VisualStudioVersion = 16.0.31313.79
MinimumVisualStudioVersion = 10.0.40219.1
Project("{FAE04EC0-301F-11D3-BF4B-00C04F79EFBC}") = "SE-Finder-Rewrite", "SE-Finder-Rewrite.csproj", "{900F076D-BA64-40C1-92B0-12638ED010ED}"
EndProject
Global
	GlobalSection(SolutionConfigurationPlatforms) = preSolution
		Debug|Any CPU = Debug|Any CPU
		Release|Any CPU = Release|Any CPU
	EndGlobalSection
	GlobalSection(ProjectConfigurationPlatforms) = postSolution
		{900F076D-BA64-40C1-92B0-12638ED010ED}.Debug|Any CPU.ActiveCfg = Debug|Any CPU
		{900F076D-BA64-40C1-92B0-12638ED010ED}.Debug|Any CPU.Build.0 = Debug|Any CPU
		{900F076D-BA64-40C1-92B0-12638ED010ED}.Release|Any CPU.ActiveCfg = Release|Any CPU
		{900F076D-BA64-40C1-92B0-12638ED010ED}.Release|Any CPU.Build.0 = Release|Any CPU
	EndGlobalSection
	GlobalSection(SolutionProperties) = preSolution
		HideSolutionNode = FALSE
	EndGlobalSection
	GlobalSection(ExtensibilityGlobals) = postSolution
		SolutionGuid = {C0B24538-0690-4E7F-9724-583DD039F2FB}
	EndGlobalSection
EndGlobal
